
Microsoft Visual Studio Solution File, Format Version 12.00
# Visual Studio Version 16
VisualStudioVersion = 16.0.30907.101
MinimumVisualStudioVersion = 10.0.40219.1
Project("{FAE04EC0-301F-11D3-BF4B-00C04F79EFBC}") = "Fnaf", "Fnaf\Fnaf.csproj", "{D4F05E35-2115-40EE-8416-F4E4D1991CA4}"
EndProject
Global
	GlobalSection(SolutionConfigurationPlatforms) = preSolution
		Debug|Any CPU = Debug|Any CPU
		Release|Any CPU = Release|Any CPU
	EndGlobalSection
	GlobalSection(ProjectConfigurationPlatforms) = postSolution
		{D4F05E35-2115-40EE-8416-F4E4D1991CA4}.Debug|Any CPU.ActiveCfg = Debug|Any CPU
		{D4F05E35-2115-40EE-8416-F4E4D1991CA4}.Debug|Any CPU.Build.0 = Debug|Any CPU
		{D4F05E35-2115-40EE-8416-F4E4D1991CA4}.Release|Any CPU.ActiveCfg = Release|Any CPU
		{D4F05E35-2115-40EE-8416-F4E4D1991CA4}.Release|Any CPU.Build.0 = Release|Any CPU
	EndGlobalSection
	GlobalSection(SolutionProperties) = preSolution
		HideSolutionNode = FALSE
	EndGlobalSection
	GlobalSection(ExtensibilityGlobals) = postSolution
		SolutionGuid = {6A43D46E-9F76-4D4E-84A8-F31911D1ACC2}
	EndGlobalSection
EndGlobal
